
Microsoft Visual Studio Solution File, Format Version 12.00
Project("{FAE04EC0-301F-11D3-BF4B-00C04F79EFBC}") = "CqrsVibe", "CqrsVibe\CqrsVibe.csproj", "{9351BCC0-30B8-4A23-A277-9F8EC5437FC7}"
EndProject
Project("{FAE04EC0-301F-11D3-BF4B-00C04F79EFBC}") = "CqrsVibe.Tests", "CqrsVibe.Tests\CqrsVibe.Tests.csproj", "{A9C73C04-5311-442E-8106-D7A94A044ADF}"
EndProject
Project("{FAE04EC0-301F-11D3-BF4B-00C04F79EFBC}") = "CqrsVibe.MicrosoftDependencyInjection", "CqrsVibe.MicrosoftDependencyInjection\CqrsVibe.MicrosoftDependencyInjection.csproj", "{E19F4383-6FD2-421F-859D-CFE90B462FD9}"
EndProject
Global
	GlobalSection(SolutionConfigurationPlatforms) = preSolution
		Debug|Any CPU = Debug|Any CPU
		Release|Any CPU = Release|Any CPU
	EndGlobalSection
	GlobalSection(ProjectConfigurationPlatforms) = postSolution
		{9351BCC0-30B8-4A23-A277-9F8EC5437FC7}.Debug|Any CPU.ActiveCfg = Debug|Any CPU
		{9351BCC0-30B8-4A23-A277-9F8EC5437FC7}.Debug|Any CPU.Build.0 = Debug|Any CPU
		{9351BCC0-30B8-4A23-A277-9F8EC5437FC7}.Release|Any CPU.ActiveCfg = Release|Any CPU
		{9351BCC0-30B8-4A23-A277-9F8EC5437FC7}.Release|Any CPU.Build.0 = Release|Any CPU
		{A9C73C04-5311-442E-8106-D7A94A044ADF}.Debug|Any CPU.ActiveCfg = Debug|Any CPU
		{A9C73C04-5311-442E-8106-D7A94A044ADF}.Debug|Any CPU.Build.0 = Debug|Any CPU
		{A9C73C04-5311-442E-8106-D7A94A044ADF}.Release|Any CPU.ActiveCfg = Release|Any CPU
		{A9C73C04-5311-442E-8106-D7A94A044ADF}.Release|Any CPU.Build.0 = Release|Any CPU
		{E19F4383-6FD2-421F-859D-CFE90B462FD9}.Debug|Any CPU.ActiveCfg = Debug|Any CPU
		{E19F4383-6FD2-421F-859D-CFE90B462FD9}.Debug|Any CPU.Build.0 = Debug|Any CPU
		{E19F4383-6FD2-421F-859D-CFE90B462FD9}.Release|Any CPU.ActiveCfg = Release|Any CPU
		{E19F4383-6FD2-421F-859D-CFE90B462FD9}.Release|Any CPU.Build.0 = Release|Any CPU
	EndGlobalSection
EndGlobal
