
Microsoft Visual Studio Solution File, Format Version 12.00
Project("{FAE04EC0-301F-11D3-BF4B-00C04F79EFBC}") = "CqrsVibe", "CqrsVibe\CqrsVibe.csproj", "{9351BCC0-30B8-4A23-A277-9F8EC5437FC7}"
EndProject
Project("{FAE04EC0-301F-11D3-BF4B-00C04F79EFBC}") = "CqrsVibe.Tests", "CqrsVibe.Tests\CqrsVibe.Tests.csproj", "{A9C73C04-5311-442E-8106-D7A94A044ADF}"
EndProject
Project("{FAE04EC0-301F-11D3-BF4B-00C04F79EFBC}") = "CqrsVibe.MicrosoftDependencyInjection", "CqrsVibe.MicrosoftDependencyInjection\CqrsVibe.MicrosoftDependencyInjection.csproj", "{E19F4383-6FD2-421F-859D-CFE90B462FD9}"
EndProject
Project("{FAE04EC0-301F-11D3-BF4B-00C04F79EFBC}") = "CqrsVibe.FluentValidation", "CqrsVibe.FluentValidation\CqrsVibe.FluentValidation.csproj", "{5442F9BD-E401-40E7-9B96-B2815AB4D27F}"
EndProject
Project("{FAE04EC0-301F-11D3-BF4B-00C04F79EFBC}") = "CqrsVibe.AspNetCore", "CqrsVibe.AspNetCore\CqrsVibe.AspNetCore.csproj", "{974C5278-A257-442B-9A66-78196EEA321E}"
EndProject
Project("{2150E333-8FDC-42A3-9474-1A3956D46DE8}") = "Samples", "Samples", "{78240FC0-CA07-4847-A30F-E931FE4BE406}"
EndProject
Project("{FAE04EC0-301F-11D3-BF4B-00C04F79EFBC}") = "CqrsVibe.GettingStarted", "..\samples\CqrsVibe.GettingStarted\CqrsVibe.GettingStarted.csproj", "{47C4F569-F458-49E5-BE80-595179697EA7}"
EndProject
Project("{FAE04EC0-301F-11D3-BF4B-00C04F79EFBC}") = "CqrsVibe.PipelineConfiguration", "..\samples\CqrsVibe.PipelineConfiguration\CqrsVibe.PipelineConfiguration.csproj", "{57924B1D-A9C3-4B76-8A38-412D744ACC5A}"
EndProject
Global
	GlobalSection(SolutionConfigurationPlatforms) = preSolution
		Debug|Any CPU = Debug|Any CPU
		Release|Any CPU = Release|Any CPU
	EndGlobalSection
	GlobalSection(ProjectConfigurationPlatforms) = postSolution
		{9351BCC0-30B8-4A23-A277-9F8EC5437FC7}.Debug|Any CPU.ActiveCfg = Debug|Any CPU
		{9351BCC0-30B8-4A23-A277-9F8EC5437FC7}.Debug|Any CPU.Build.0 = Debug|Any CPU
		{9351BCC0-30B8-4A23-A277-9F8EC5437FC7}.Release|Any CPU.ActiveCfg = Release|Any CPU
		{9351BCC0-30B8-4A23-A277-9F8EC5437FC7}.Release|Any CPU.Build.0 = Release|Any CPU
		{A9C73C04-5311-442E-8106-D7A94A044ADF}.Debug|Any CPU.ActiveCfg = Debug|Any CPU
		{A9C73C04-5311-442E-8106-D7A94A044ADF}.Debug|Any CPU.Build.0 = Debug|Any CPU
		{A9C73C04-5311-442E-8106-D7A94A044ADF}.Release|Any CPU.ActiveCfg = Release|Any CPU
		{A9C73C04-5311-442E-8106-D7A94A044ADF}.Release|Any CPU.Build.0 = Release|Any CPU
		{E19F4383-6FD2-421F-859D-CFE90B462FD9}.Debug|Any CPU.ActiveCfg = Debug|Any CPU
		{E19F4383-6FD2-421F-859D-CFE90B462FD9}.Debug|Any CPU.Build.0 = Debug|Any CPU
		{E19F4383-6FD2-421F-859D-CFE90B462FD9}.Release|Any CPU.ActiveCfg = Release|Any CPU
		{E19F4383-6FD2-421F-859D-CFE90B462FD9}.Release|Any CPU.Build.0 = Release|Any CPU
		{5442F9BD-E401-40E7-9B96-B2815AB4D27F}.Debug|Any CPU.ActiveCfg = Debug|Any CPU
		{5442F9BD-E401-40E7-9B96-B2815AB4D27F}.Debug|Any CPU.Build.0 = Debug|Any CPU
		{5442F9BD-E401-40E7-9B96-B2815AB4D27F}.Release|Any CPU.ActiveCfg = Release|Any CPU
		{5442F9BD-E401-40E7-9B96-B2815AB4D27F}.Release|Any CPU.Build.0 = Release|Any CPU
		{974C5278-A257-442B-9A66-78196EEA321E}.Debug|Any CPU.ActiveCfg = Debug|Any CPU
		{974C5278-A257-442B-9A66-78196EEA321E}.Debug|Any CPU.Build.0 = Debug|Any CPU
		{974C5278-A257-442B-9A66-78196EEA321E}.Release|Any CPU.ActiveCfg = Release|Any CPU
		{974C5278-A257-442B-9A66-78196EEA321E}.Release|Any CPU.Build.0 = Release|Any CPU
		{47C4F569-F458-49E5-BE80-595179697EA7}.Debug|Any CPU.ActiveCfg = Debug|Any CPU
		{47C4F569-F458-49E5-BE80-595179697EA7}.Debug|Any CPU.Build.0 = Debug|Any CPU
		{47C4F569-F458-49E5-BE80-595179697EA7}.Release|Any CPU.ActiveCfg = Release|Any CPU
		{47C4F569-F458-49E5-BE80-595179697EA7}.Release|Any CPU.Build.0 = Release|Any CPU
		{57924B1D-A9C3-4B76-8A38-412D744ACC5A}.Debug|Any CPU.ActiveCfg = Debug|Any CPU
		{57924B1D-A9C3-4B76-8A38-412D744ACC5A}.Debug|Any CPU.Build.0 = Debug|Any CPU
		{57924B1D-A9C3-4B76-8A38-412D744ACC5A}.Release|Any CPU.ActiveCfg = Release|Any CPU
		{57924B1D-A9C3-4B76-8A38-412D744ACC5A}.Release|Any CPU.Build.0 = Release|Any CPU
	EndGlobalSection
	GlobalSection(NestedProjects) = preSolution
		{47C4F569-F458-49E5-BE80-595179697EA7} = {78240FC0-CA07-4847-A30F-E931FE4BE406}
		{57924B1D-A9C3-4B76-8A38-412D744ACC5A} = {78240FC0-CA07-4847-A30F-E931FE4BE406}
	EndGlobalSection
EndGlobal
